
Microsoft Visual Studio Solution File, Format Version 12.00
# Visual Studio Version 16
VisualStudioVersion = 16.0.31624.102
MinimumVisualStudioVersion = 10.0.40219.1
Project("{9092AA53-FB77-4645-B42D-1CCCA6BD08BD}") = "Frontend", "Frontend\Frontend.njsproj", "{D945A99C-2E10-459B-A3E7-EBDDC1A9DFFB}"
EndProject
Project("{9A19103F-16F7-4668-BE54-9A1E7A4F7556}") = "Backend", "Backend\Backend.csproj", "{6BEC8ECA-C48B-454B-9024-D339D901E38A}"
EndProject
Global
	GlobalSection(SolutionConfigurationPlatforms) = preSolution
		Debug|Any CPU = Debug|Any CPU
		Release|Any CPU = Release|Any CPU
	EndGlobalSection
	GlobalSection(ProjectConfigurationPlatforms) = postSolution
		{D945A99C-2E10-459B-A3E7-EBDDC1A9DFFB}.Debug|Any CPU.ActiveCfg = Debug|Any CPU
		{D945A99C-2E10-459B-A3E7-EBDDC1A9DFFB}.Debug|Any CPU.Build.0 = Debug|Any CPU
		{D945A99C-2E10-459B-A3E7-EBDDC1A9DFFB}.Release|Any CPU.ActiveCfg = Release|Any CPU
		{D945A99C-2E10-459B-A3E7-EBDDC1A9DFFB}.Release|Any CPU.Build.0 = Release|Any CPU
		{6BEC8ECA-C48B-454B-9024-D339D901E38A}.Debug|Any CPU.ActiveCfg = Debug|Any CPU
		{6BEC8ECA-C48B-454B-9024-D339D901E38A}.Debug|Any CPU.Build.0 = Debug|Any CPU
		{6BEC8ECA-C48B-454B-9024-D339D901E38A}.Release|Any CPU.ActiveCfg = Release|Any CPU
		{6BEC8ECA-C48B-454B-9024-D339D901E38A}.Release|Any CPU.Build.0 = Release|Any CPU
	EndGlobalSection
	GlobalSection(SolutionProperties) = preSolution
		HideSolutionNode = FALSE
	EndGlobalSection
	GlobalSection(ExtensibilityGlobals) = postSolution
		SolutionGuid = {8B560C5C-B2E0-42BA-A827-B38F80B9F2DC}
	EndGlobalSection
EndGlobal
